
Microsoft Visual Studio Solution File, Format Version 11.00
# Visual Studio 2010
Project("{FAE04EC0-301F-11D3-BF4B-00C04F79EFBC}") = "Assembly-CSharp", "Assembly-CSharp.csproj", "{8554ff71-4908-59c0-0f8d-36f7267032a8}"
EndProject
Project("{FAE04EC0-301F-11D3-BF4B-00C04F79EFBC}") = "Assembly-CSharp-Editor", "Assembly-CSharp-Editor.csproj", "{34808f3b-55f2-65a1-d594-f8eade0c9d3d}"
EndProject
Global
	GlobalSection(SolutionConfigurationPlatforms) = preSolution
		Debug|Any CPU = Debug|Any CPU
	EndGlobalSection
	GlobalSection(ProjectConfigurationPlatforms) = postSolution
		{8554ff71-4908-59c0-0f8d-36f7267032a8}.Debug|Any CPU.ActiveCfg = Debug|Any CPU
		{8554ff71-4908-59c0-0f8d-36f7267032a8}.Debug|Any CPU.Build.0 = Debug|Any CPU
		{34808f3b-55f2-65a1-d594-f8eade0c9d3d}.Debug|Any CPU.ActiveCfg = Debug|Any CPU
		{34808f3b-55f2-65a1-d594-f8eade0c9d3d}.Debug|Any CPU.Build.0 = Debug|Any CPU
	EndGlobalSection
	GlobalSection(SolutionProperties) = preSolution
		HideSolutionNode = FALSE
	EndGlobalSection
EndGlobal
